lockfile_version: '1'
generated_at: '2026-04-25T15:31:30.403966+00:00'
apm_version: 0.9.2
dependencies:
- repo_url: srid/agency
  host: github.com
  resolved_commit: d52271b707854ebe8b20d2bfbfb999fcefa00c23
  package_type: apm_package
  deployed_files:
  - .opencode/agents/hickey.md
  - .opencode/agents/lowy.md
  - .opencode/skills/code-police
  - .opencode/skills/do
  - .opencode/skills/elegance
  - .opencode/skills/fact-check
  - .opencode/skills/forge-pr
  - .opencode/skills/hickey
  - .opencode/skills/lowy
  - .opencode/skills/ralph
  - .opencode/skills/talk
  deployed_file_hashes:
    .opencode/agents/hickey.md: sha256:edde9b0d3b27b947b7372f662b2e8652d136e0bb9af7924892b00450a1e586bc
    .opencode/agents/lowy.md: sha256:a1c8e5ba115439bcfa0d7e331f96e71b2d690ff2e5fb9b824bb5f588eb43ac75
  content_hash: sha256:859799bc34087e579fd564b4fdf3b8adcaddae7d5d753567318d3d51c9e2d7be
